<?xml version="1.0" encoding="utf-8"?>
<Project ToolsVersion="4.0" xmlns="http://schemas.microsoft.com/developer/msbuild/2003">
  <ItemGroup>
    <ClCompile Include="src\Application.cpp" />
    <ClCompile Include="src\glad.cpp" />
    <ClCompile Include="src\main.cpp" />
    <ClCompile Include="src\Obj_Loader.cpp" />
    <ClCompile Include="src\Ray_Trace.cpp" />
    <ClCompile Include="src\CPURenderer.cpp" />
    <ClCompile Include="src\stb_impl.cpp" />
    <ClCompile Include="src\BVH.cpp" />
    <ClCompile Include="src\Job_System.cpp" />
    <ClCompile Include="src\GPURenderer.cpp" />
  </ItemGroup>
  <ItemGroup>
    <ClInclude Include="src\Application.hpp" />
    <ClInclude Include="src\Camera.hpp" />
    <ClInclude Include="src\Math.hpp" />
    <ClInclude Include="src\Obj_Loader.hpp" />
    <ClInclude Include="src\Ray_Trace.hpp" />
    <ClInclude Include="src\CPURenderer.hpp" />
    <ClInclude Include="src\World.hpp" />
    <ClInclude Include="include\stb_image.h" />
    <ClInclude Include="include\stb_image_read.h" />
    <ClInclude Include="src\BVH.hpp" />
    <ClInclude Include="src\Job_System.hpp" />
    <ClInclude Include="src\Renderer.hpp" />
    <ClInclude Include="src\GPURenderer.hpp" />
  </ItemGroup>
  <ItemGroup>
    <None Include="kernels\kernel.cl" />
    <None Include="kernels\main.cl" />
  </ItemGroup>
</Project>